
Microsoft Visual Studio Solution File, Format Version 12.00
# Visual Studio Version 17
VisualStudioVersion = 17.5.33530.505
MinimumVisualStudioVersion = 10.0.40219.1
Project("{FAE04EC0-301F-11D3-BF4B-00C04F79EFBC}") = "一键获取烽火光猫超密", "一键获取烽火光猫超密\一键获取烽火光猫超密.csproj", "{9772962A-7BE8-4B3E-87F0-4598100CF4AA}"
EndProject
Global
	GlobalSection(SolutionConfigurationPlatforms) = preSolution
		Debug|Any CPU = Debug|Any CPU
		Release|Any CPU = Release|Any CPU
	EndGlobalSection
	GlobalSection(ProjectConfigurationPlatforms) = postSolution
		{9772962A-7BE8-4B3E-87F0-4598100CF4AA}.Debug|Any CPU.ActiveCfg = Debug|Any CPU
		{9772962A-7BE8-4B3E-87F0-4598100CF4AA}.Debug|Any CPU.Build.0 = Debug|Any CPU
		{9772962A-7BE8-4B3E-87F0-4598100CF4AA}.Release|Any CPU.ActiveCfg = Release|Any CPU
		{9772962A-7BE8-4B3E-87F0-4598100CF4AA}.Release|Any CPU.Build.0 = Release|Any CPU
	EndGlobalSection
	GlobalSection(SolutionProperties) = preSolution
		HideSolutionNode = FALSE
	EndGlobalSection
	GlobalSection(ExtensibilityGlobals) = postSolution
		SolutionGuid = {86C5DBDA-8D36-437D-A80E-AEE206799495}
	EndGlobalSection
EndGlobal
